# THIS IS AN AUTOGENERATED FILE. DO NOT EDIT THIS FILE DIRECTLY.
# yarn lockfile v1


commander@^7.1.0:
  version "7.2.0"
  resolved "https://registry.yarnpkg.com/commander/-/commander-7.2.0.tgz#a36cb57d0b501ce108e4d20559a150a391d97ab7"
  integrity sha512-QrWXB+ZQSVPmIWIhtEO9H+gwHaMGYiF5ChvoJ+K9ZGHG/sVsa6yiesAD1GC/x46sET00Xlwo1u49RVVVzvcSkw==

lodash.castarray@^4.4.0:
  version "4.4.0"
  resolved "https://registry.yarnpkg.com/lodash.castarray/-/lodash.castarray-4.4.0.tgz#c02513515e309daddd4c24c60cfddcf5976d9115"
  integrity sha1-wCUTUV4wna3dTCTGDP3c9ZdtkRU=

lodash.clone@^4.5.0:
  version "4.5.0"
  resolved "https://registry.yarnpkg.com/lodash.clone/-/lodash.clone-4.5.0.tgz#195870450f5a13192478df4bc3d23d2dea1907b6"
  integrity sha1-GVhwRQ9aExkkeN9Lw9I9LeoZB7Y=

lodash.defaultto@^4.14.0:
  version "4.14.0"
  resolved "https://registry.yarnpkg.com/lodash.defaultto/-/lodash.defaultto-4.14.0.tgz#38bd3d425acee733e0e2bbbd4e4b29711cc2ee11"
  integrity sha1-OL09QlrO5zPg4ru9TkspcRzC7hE=

lodash.get@^4.4.2:
  version "4.4.2"
  resolved "https://registry.yarnpkg.com/lodash.get/-/lodash.get-4.4.2.tgz#2d177f652fa31e939b4438d5341499dfa3825e99"
  integrity sha1-LRd/ZS+jHpObRDjVNBSZ36OCXpk=

lodash.groupby@^4.6.0:
  version "4.6.0"
  resolved "https://registry.yarnpkg.com/lodash.groupby/-/lodash.groupby-4.6.0.tgz#0b08a1dcf68397c397855c3239783832df7403d1"
  integrity sha1-Cwih3PaDl8OXhVwyOXg4Mt90A9E=

lodash.isequal@^4.5.0:
  version "4.5.0"
  resolved "https://registry.yarnpkg.com/lodash.isequal/-/lodash.isequal-4.5.0.tgz#415c4478f2bcc30120c22ce10ed3226f7d3e18e0"
  integrity sha1-QVxEePK8wwEgwizhDtMib30+GOA=

loglevel@^1.7.1:
  version "1.7.1"
  resolved "https://registry.yarnpkg.com/loglevel/-/loglevel-1.7.1.tgz#005fde2f5e6e47068f935ff28573e125ef72f197"
  integrity sha512-Hesni4s5UkWkwCGJMQGAh71PaLUmKFM60dHvq0zi/vDhhrzuk+4GgNbTXJ12YYQJn6ZKBDNIjYcuQGKudvqrIw==

promise-queue@^2.2.5:
  version "2.2.5"
  resolved "https://registry.yarnpkg.com/promise-queue/-/promise-queue-2.2.5.tgz#2f6f5f7c0f6d08109e967659c79b88a9ed5e93b4"
  integrity sha1-L29ffA9tCBCelnZZx5uIqe1ek7Q=

tplink-smarthome-api@^3.3.0:
  version "3.3.0"
  resolved "https://registry.yarnpkg.com/tplink-smarthome-api/-/tplink-smarthome-api-3.3.0.tgz#3d7598a568a29c7f6e55786fec3cf7a31ac8a815"
  integrity sha512-AO8wmu/kRY2eB848YhaBKleBdQYi+UqJBJPaoj4dDTh56v1LDmBv4SNGEUmW9sLDqrRi5J+UV9Qky472KItD2w==
  dependencies:
    commander "^7.1.0"
    lodash.castarray "^4.4.0"
    lodash.clone "^4.5.0"
    lodash.defaultto "^4.14.0"
    lodash.get "^4.4.2"
    lodash.groupby "^4.6.0"
    lodash.isequal "^4.5.0"
    loglevel "^1.7.1"
    promise-queue "^2.2.5"
    tplink-smarthome-crypto "^3.0.0"

tplink-smarthome-crypto@^3.0.0:
  version "3.0.0"
  resolved "https://registry.yarnpkg.com/tplink-smarthome-crypto/-/tplink-smarthome-crypto-3.0.0.tgz#d078829111118093b3e8e4e028cd448fe2e8328f"
  integrity sha512-LxRfcrFVeWNSNyLdVKl52x7jQmwvYengSXCpvEi7M5S8+N/FvVYP25+ol5QdGWKBac6fOklDdz30p+TkC6nydA==
